
Microsoft Visual Studio Solution File, Format Version 12.00
# Visual Studio 2012
Project("{FAE04EC0-301F-11D3-BF4B-00C04F79EFBC}") = "SpeechApp", "PhoneApp1\SpeechApp.csproj", "{22B62171-E1B6-4A30-A4BC-8E085DB80E8E}"
	ProjectSection(ProjectDependencies) = postProject
		{A674DA29-0F4C-4BD7-800A-DD225CC1CF96} = {A674DA29-0F4C-4BD7-800A-DD225CC1CF96}
	EndProjectSection
EndProject
Project("{FAE04EC0-301F-11D3-BF4B-00C04F79EFBC}") = "PhoneService", "PhoneService\PhoneService.csproj", "{A674DA29-0F4C-4BD7-800A-DD225CC1CF96}"
EndProject
Project("{2150E333-8FDC-42A3-9474-1A3956D46DE8}") = "SampleProject", "SampleProject", "{624CA941-73B1-4F46-94AA-D4895A25BF7A}"
EndProject
Project("{FAE04EC0-301F-11D3-BF4B-00C04F79EFBC}") = "TextToWav", "SampleProject\TextToWav.csproj", "{D9F0AC41-68E3-4F8C-BC08-BFB8501AE9D4}"
EndProject
Project("{FAE04EC0-301F-11D3-BF4B-00C04F79EFBC}") = "TextToWavLib", "SampleProject\TextToWavLib\TextToWavLib.csproj", "{4F1F2F90-478B-4338-ACCC-985A2643A2E6}"
EndProject
Project("{E24C65DC-7377-472B-9ABA-BC803B73C61A}") = "ReadToMe", "ReadToMe\", "{92DE6318-345C-4F4D-AF35-A2BB2333C954}"
	ProjectSection(WebsiteProperties) = preProject
		TargetFrameworkMoniker = ".NETFramework,Version%3Dv4.0"
		Debug.AspNetCompiler.VirtualPath = "/ReadToMe"
		Debug.AspNetCompiler.PhysicalPath = "ReadToMe\"
		Debug.AspNetCompiler.TargetPath = "PrecompiledWeb\ReadToMe\"
		Debug.AspNetCompiler.Updateable = "true"
		Debug.AspNetCompiler.ForceOverwrite = "true"
		Debug.AspNetCompiler.FixedNames = "false"
		Debug.AspNetCompiler.Debug = "True"
		Release.AspNetCompiler.VirtualPath = "/ReadToMe"
		Release.AspNetCompiler.PhysicalPath = "ReadToMe\"
		Release.AspNetCompiler.TargetPath = "PrecompiledWeb\ReadToMe\"
		Release.AspNetCompiler.Updateable = "true"
		Release.AspNetCompiler.ForceOverwrite = "true"
		Release.AspNetCompiler.FixedNames = "false"
		Release.AspNetCompiler.Debug = "False"
		VWDPort = "16974"
	EndProjectSection
EndProject
Project("{FAE04EC0-301F-11D3-BF4B-00C04F79EFBC}") = "TextToWav", "SpeechWindowsService\TextToWav.csproj", "{D12E16FE-1AAF-4A08-9158-6D50258ED95F}"
EndProject
Project("{FAE04EC0-301F-11D3-BF4B-00C04F79EFBC}") = "TextToWavWindowsService", "TextToWavWindowsService\TextToWavWindowsService.csproj", "{0B82976D-DD75-404C-9487-27BBFAA42708}"
EndProject
Project("{FAE04EC0-301F-11D3-BF4B-00C04F79EFBC}") = "GmailEmail", "GmailEmail\GmailEmail.csproj", "{D2BEC390-06C7-439E-AA0A-3BCB0B5D1715}"
EndProject
Global
	GlobalSection(SolutionConfigurationPlatforms) = preSolution
		Debug|Any CPU = Debug|Any CPU
		Debug|ARM = Debug|ARM
		Debug|Mixed Platforms = Debug|Mixed Platforms
		Debug|x86 = Debug|x86
		Release|Any CPU = Release|Any CPU
		Release|ARM = Release|ARM
		Release|Mixed Platforms = Release|Mixed Platforms
		Release|x86 = Release|x86
	EndGlobalSection
	GlobalSection(ProjectConfigurationPlatforms) = postSolution
		{22B62171-E1B6-4A30-A4BC-8E085DB80E8E}.Debug|Any CPU.ActiveCfg = Debug|Any CPU
		{22B62171-E1B6-4A30-A4BC-8E085DB80E8E}.Debug|Any CPU.Build.0 = Debug|Any CPU
		{22B62171-E1B6-4A30-A4BC-8E085DB80E8E}.Debug|Any CPU.Deploy.0 = Debug|Any CPU
		{22B62171-E1B6-4A30-A4BC-8E085DB80E8E}.Debug|ARM.ActiveCfg = Debug|ARM
		{22B62171-E1B6-4A30-A4BC-8E085DB80E8E}.Debug|ARM.Build.0 = Debug|ARM
		{22B62171-E1B6-4A30-A4BC-8E085DB80E8E}.Debug|ARM.Deploy.0 = Debug|ARM
		{22B62171-E1B6-4A30-A4BC-8E085DB80E8E}.Debug|Mixed Platforms.ActiveCfg = Release|Any CPU
		{22B62171-E1B6-4A30-A4BC-8E085DB80E8E}.Debug|Mixed Platforms.Build.0 = Release|Any CPU
		{22B62171-E1B6-4A30-A4BC-8E085DB80E8E}.Debug|Mixed Platforms.Deploy.0 = Release|Any CPU
		{22B62171-E1B6-4A30-A4BC-8E085DB80E8E}.Debug|x86.ActiveCfg = Debug|x86
		{22B62171-E1B6-4A30-A4BC-8E085DB80E8E}.Debug|x86.Build.0 = Debug|x86
		{22B62171-E1B6-4A30-A4BC-8E085DB80E8E}.Debug|x86.Deploy.0 = Debug|x86
		{22B62171-E1B6-4A30-A4BC-8E085DB80E8E}.Release|Any CPU.ActiveCfg = Release|Any CPU
		{22B62171-E1B6-4A30-A4BC-8E085DB80E8E}.Release|Any CPU.Build.0 = Release|Any CPU
		{22B62171-E1B6-4A30-A4BC-8E085DB80E8E}.Release|Any CPU.Deploy.0 = Release|Any CPU
		{22B62171-E1B6-4A30-A4BC-8E085DB80E8E}.Release|ARM.ActiveCfg = Release|ARM
		{22B62171-E1B6-4A30-A4BC-8E085DB80E8E}.Release|ARM.Build.0 = Release|ARM
		{22B62171-E1B6-4A30-A4BC-8E085DB80E8E}.Release|ARM.Deploy.0 = Release|ARM
		{22B62171-E1B6-4A30-A4BC-8E085DB80E8E}.Release|Mixed Platforms.ActiveCfg = Release|Any CPU
		{22B62171-E1B6-4A30-A4BC-8E085DB80E8E}.Release|Mixed Platforms.Build.0 = Release|Any CPU
		{22B62171-E1B6-4A30-A4BC-8E085DB80E8E}.Release|Mixed Platforms.Deploy.0 = Release|Any CPU
		{22B62171-E1B6-4A30-A4BC-8E085DB80E8E}.Release|x86.ActiveCfg = Release|x86
		{22B62171-E1B6-4A30-A4BC-8E085DB80E8E}.Release|x86.Build.0 = Release|x86
		{22B62171-E1B6-4A30-A4BC-8E085DB80E8E}.Release|x86.Deploy.0 = Release|x86
		{A674DA29-0F4C-4BD7-800A-DD225CC1CF96}.Debug|Any CPU.ActiveCfg = Debug|Any CPU
		{A674DA29-0F4C-4BD7-800A-DD225CC1CF96}.Debug|Any CPU.Build.0 = Debug|Any CPU
		{A674DA29-0F4C-4BD7-800A-DD225CC1CF96}.Debug|ARM.ActiveCfg = Debug|Any CPU
		{A674DA29-0F4C-4BD7-800A-DD225CC1CF96}.Debug|Mixed Platforms.ActiveCfg = Debug|Any CPU
		{A674DA29-0F4C-4BD7-800A-DD225CC1CF96}.Debug|Mixed Platforms.Build.0 = Debug|Any CPU
		{A674DA29-0F4C-4BD7-800A-DD225CC1CF96}.Debug|x86.ActiveCfg = Debug|Any CPU
		{A674DA29-0F4C-4BD7-800A-DD225CC1CF96}.Release|Any CPU.ActiveCfg = Release|Any CPU
		{A674DA29-0F4C-4BD7-800A-DD225CC1CF96}.Release|Any CPU.Build.0 = Release|Any CPU
		{A674DA29-0F4C-4BD7-800A-DD225CC1CF96}.Release|ARM.ActiveCfg = Release|Any CPU
		{A674DA29-0F4C-4BD7-800A-DD225CC1CF96}.Release|Mixed Platforms.ActiveCfg = Release|Any CPU
		{A674DA29-0F4C-4BD7-800A-DD225CC1CF96}.Release|Mixed Platforms.Build.0 = Release|Any CPU
		{A674DA29-0F4C-4BD7-800A-DD225CC1CF96}.Release|x86.ActiveCfg = Release|Any CPU
		{D9F0AC41-68E3-4F8C-BC08-BFB8501AE9D4}.Debug|Any CPU.ActiveCfg = Debug|Any CPU
		{D9F0AC41-68E3-4F8C-BC08-BFB8501AE9D4}.Debug|Any CPU.Build.0 = Debug|Any CPU
		{D9F0AC41-68E3-4F8C-BC08-BFB8501AE9D4}.Debug|ARM.ActiveCfg = Debug|Any CPU
		{D9F0AC41-68E3-4F8C-BC08-BFB8501AE9D4}.Debug|Mixed Platforms.ActiveCfg = Debug|Any CPU
		{D9F0AC41-68E3-4F8C-BC08-BFB8501AE9D4}.Debug|Mixed Platforms.Build.0 = Debug|Any CPU
		{D9F0AC41-68E3-4F8C-BC08-BFB8501AE9D4}.Debug|x86.ActiveCfg = Debug|Any CPU
		{D9F0AC41-68E3-4F8C-BC08-BFB8501AE9D4}.Release|Any CPU.ActiveCfg = Release|Any CPU
		{D9F0AC41-68E3-4F8C-BC08-BFB8501AE9D4}.Release|Any CPU.Build.0 = Release|Any CPU
		{D9F0AC41-68E3-4F8C-BC08-BFB8501AE9D4}.Release|ARM.ActiveCfg = Release|Any CPU
		{D9F0AC41-68E3-4F8C-BC08-BFB8501AE9D4}.Release|Mixed Platforms.ActiveCfg = Release|Any CPU
		{D9F0AC41-68E3-4F8C-BC08-BFB8501AE9D4}.Release|Mixed Platforms.Build.0 = Release|Any CPU
		{D9F0AC41-68E3-4F8C-BC08-BFB8501AE9D4}.Release|x86.ActiveCfg = Release|Any CPU
		{4F1F2F90-478B-4338-ACCC-985A2643A2E6}.Debug|Any CPU.ActiveCfg = Debug|Any CPU
		{4F1F2F90-478B-4338-ACCC-985A2643A2E6}.Debug|Any CPU.Build.0 = Debug|Any CPU
		{4F1F2F90-478B-4338-ACCC-985A2643A2E6}.Debug|ARM.ActiveCfg = Debug|Any CPU
		{4F1F2F90-478B-4338-ACCC-985A2643A2E6}.Debug|Mixed Platforms.ActiveCfg = Debug|Any CPU
		{4F1F2F90-478B-4338-ACCC-985A2643A2E6}.Debug|Mixed Platforms.Build.0 = Debug|Any CPU
		{4F1F2F90-478B-4338-ACCC-985A2643A2E6}.Debug|x86.ActiveCfg = Debug|Any CPU
		{4F1F2F90-478B-4338-ACCC-985A2643A2E6}.Release|Any CPU.ActiveCfg = Release|Any CPU
		{4F1F2F90-478B-4338-ACCC-985A2643A2E6}.Release|Any CPU.Build.0 = Release|Any CPU
		{4F1F2F90-478B-4338-ACCC-985A2643A2E6}.Release|ARM.ActiveCfg = Release|Any CPU
		{4F1F2F90-478B-4338-ACCC-985A2643A2E6}.Release|Mixed Platforms.ActiveCfg = Release|Any CPU
		{4F1F2F90-478B-4338-ACCC-985A2643A2E6}.Release|Mixed Platforms.Build.0 = Release|Any CPU
		{4F1F2F90-478B-4338-ACCC-985A2643A2E6}.Release|x86.ActiveCfg = Release|Any CPU
		{92DE6318-345C-4F4D-AF35-A2BB2333C954}.Debug|Any CPU.ActiveCfg = Debug|Any CPU
		{92DE6318-345C-4F4D-AF35-A2BB2333C954}.Debug|Any CPU.Build.0 = Debug|Any CPU
		{92DE6318-345C-4F4D-AF35-A2BB2333C954}.Debug|ARM.ActiveCfg = Debug|Any CPU
		{92DE6318-345C-4F4D-AF35-A2BB2333C954}.Debug|Mixed Platforms.ActiveCfg = Debug|Any CPU
		{92DE6318-345C-4F4D-AF35-A2BB2333C954}.Debug|Mixed Platforms.Build.0 = Debug|Any CPU
		{92DE6318-345C-4F4D-AF35-A2BB2333C954}.Debug|x86.ActiveCfg = Debug|Any CPU
		{92DE6318-345C-4F4D-AF35-A2BB2333C954}.Release|Any CPU.ActiveCfg = Debug|Any CPU
		{92DE6318-345C-4F4D-AF35-A2BB2333C954}.Release|Any CPU.Build.0 = Debug|Any CPU
		{92DE6318-345C-4F4D-AF35-A2BB2333C954}.Release|ARM.ActiveCfg = Debug|Any CPU
		{92DE6318-345C-4F4D-AF35-A2BB2333C954}.Release|Mixed Platforms.ActiveCfg = Debug|Any CPU
		{92DE6318-345C-4F4D-AF35-A2BB2333C954}.Release|Mixed Platforms.Build.0 = Debug|Any CPU
		{92DE6318-345C-4F4D-AF35-A2BB2333C954}.Release|x86.ActiveCfg = Debug|Any CPU
		{D12E16FE-1AAF-4A08-9158-6D50258ED95F}.Debug|Any CPU.ActiveCfg = Debug|x86
		{D12E16FE-1AAF-4A08-9158-6D50258ED95F}.Debug|ARM.ActiveCfg = Debug|x86
		{D12E16FE-1AAF-4A08-9158-6D50258ED95F}.Debug|Mixed Platforms.ActiveCfg = Debug|x86
		{D12E16FE-1AAF-4A08-9158-6D50258ED95F}.Debug|Mixed Platforms.Build.0 = Debug|x86
		{D12E16FE-1AAF-4A08-9158-6D50258ED95F}.Debug|x86.ActiveCfg = Debug|x86
		{D12E16FE-1AAF-4A08-9158-6D50258ED95F}.Debug|x86.Build.0 = Debug|x86
		{D12E16FE-1AAF-4A08-9158-6D50258ED95F}.Release|Any CPU.ActiveCfg = Release|x86
		{D12E16FE-1AAF-4A08-9158-6D50258ED95F}.Release|ARM.ActiveCfg = Release|x86
		{D12E16FE-1AAF-4A08-9158-6D50258ED95F}.Release|Mixed Platforms.ActiveCfg = Release|x86
		{D12E16FE-1AAF-4A08-9158-6D50258ED95F}.Release|Mixed Platforms.Build.0 = Release|x86
		{D12E16FE-1AAF-4A08-9158-6D50258ED95F}.Release|x86.ActiveCfg = Release|x86
		{D12E16FE-1AAF-4A08-9158-6D50258ED95F}.Release|x86.Build.0 = Release|x86
		{0B82976D-DD75-404C-9487-27BBFAA42708}.Debug|Any CPU.ActiveCfg = Debug|Any CPU
		{0B82976D-DD75-404C-9487-27BBFAA42708}.Debug|Any CPU.Build.0 = Debug|Any CPU
		{0B82976D-DD75-404C-9487-27BBFAA42708}.Debug|ARM.ActiveCfg = Debug|Any CPU
		{0B82976D-DD75-404C-9487-27BBFAA42708}.Debug|Mixed Platforms.ActiveCfg = Debug|Any CPU
		{0B82976D-DD75-404C-9487-27BBFAA42708}.Debug|Mixed Platforms.Build.0 = Debug|Any CPU
		{0B82976D-DD75-404C-9487-27BBFAA42708}.Debug|x86.ActiveCfg = Debug|Any CPU
		{0B82976D-DD75-404C-9487-27BBFAA42708}.Release|Any CPU.ActiveCfg = Release|Any CPU
		{0B82976D-DD75-404C-9487-27BBFAA42708}.Release|Any CPU.Build.0 = Release|Any CPU
		{0B82976D-DD75-404C-9487-27BBFAA42708}.Release|ARM.ActiveCfg = Release|Any CPU
		{0B82976D-DD75-404C-9487-27BBFAA42708}.Release|Mixed Platforms.ActiveCfg = Release|Any CPU
		{0B82976D-DD75-404C-9487-27BBFAA42708}.Release|Mixed Platforms.Build.0 = Release|Any CPU
		{0B82976D-DD75-404C-9487-27BBFAA42708}.Release|x86.ActiveCfg = Release|Any CPU
		{D2BEC390-06C7-439E-AA0A-3BCB0B5D1715}.Debug|Any CPU.ActiveCfg = Debug|Any CPU
		{D2BEC390-06C7-439E-AA0A-3BCB0B5D1715}.Debug|Any CPU.Build.0 = Debug|Any CPU
		{D2BEC390-06C7-439E-AA0A-3BCB0B5D1715}.Debug|ARM.ActiveCfg = Debug|Any CPU
		{D2BEC390-06C7-439E-AA0A-3BCB0B5D1715}.Debug|Mixed Platforms.ActiveCfg = Debug|Any CPU
		{D2BEC390-06C7-439E-AA0A-3BCB0B5D1715}.Debug|Mixed Platforms.Build.0 = Debug|Any CPU
		{D2BEC390-06C7-439E-AA0A-3BCB0B5D1715}.Debug|x86.ActiveCfg = Debug|Any CPU
		{D2BEC390-06C7-439E-AA0A-3BCB0B5D1715}.Release|Any CPU.ActiveCfg = Release|Any CPU
		{D2BEC390-06C7-439E-AA0A-3BCB0B5D1715}.Release|Any CPU.Build.0 = Release|Any CPU
		{D2BEC390-06C7-439E-AA0A-3BCB0B5D1715}.Release|ARM.ActiveCfg = Release|Any CPU
		{D2BEC390-06C7-439E-AA0A-3BCB0B5D1715}.Release|Mixed Platforms.ActiveCfg = Release|Any CPU
		{D2BEC390-06C7-439E-AA0A-3BCB0B5D1715}.Release|Mixed Platforms.Build.0 = Release|Any CPU
		{D2BEC390-06C7-439E-AA0A-3BCB0B5D1715}.Release|x86.ActiveCfg = Release|Any CPU
	EndGlobalSection
	GlobalSection(SolutionProperties) = preSolution
		HideSolutionNode = FALSE
	EndGlobalSection
	GlobalSection(NestedProjects) = preSolution
		{D9F0AC41-68E3-4F8C-BC08-BFB8501AE9D4} = {624CA941-73B1-4F46-94AA-D4895A25BF7A}
		{4F1F2F90-478B-4338-ACCC-985A2643A2E6} = {624CA941-73B1-4F46-94AA-D4895A25BF7A}
		{D2BEC390-06C7-439E-AA0A-3BCB0B5D1715} = {624CA941-73B1-4F46-94AA-D4895A25BF7A}
	EndGlobalSection
EndGlobal
